
Microsoft Visual Studio Solution File, Format Version 12.00
# Visual Studio Version 17
VisualStudioVersion = 17.14.36414.22
MinimumVisualStudioVersion = 10.0.40219.1
Project("{FAE04EC0-301F-11D3-BF4B-00C04F79EFBC}") = "CyberSecurity", "CyberSecurity\CyberSecurity.csproj", "{B0400792-8827-4648-9F3C-B9C2EFED1060}"
EndProject
Project("{FAE04EC0-301F-11D3-BF4B-00C04F79EFBC}") = "WordsCaptcha", "WordsCaptcha\WordsCaptcha.csproj", "{EBE4D1D1-B6D7-466D-B5BD-057C556CF523}"
EndProject
Global
	GlobalSection(SolutionConfigurationPlatforms) = preSolution
		Debug|Any CPU = Debug|Any CPU
		Release|Any CPU = Release|Any CPU
	EndGlobalSection
	GlobalSection(ProjectConfigurationPlatforms) = postSolution
		{B0400792-8827-4648-9F3C-B9C2EFED1060}.Debug|Any CPU.ActiveCfg = Debug|Any CPU
		{B0400792-8827-4648-9F3C-B9C2EFED1060}.Debug|Any CPU.Build.0 = Debug|Any CPU
		{B0400792-8827-4648-9F3C-B9C2EFED1060}.Release|Any CPU.ActiveCfg = Release|Any CPU
		{B0400792-8827-4648-9F3C-B9C2EFED1060}.Release|Any CPU.Build.0 = Release|Any CPU
		{EBE4D1D1-B6D7-466D-B5BD-057C556CF523}.Debug|Any CPU.ActiveCfg = Debug|Any CPU
		{EBE4D1D1-B6D7-466D-B5BD-057C556CF523}.Debug|Any CPU.Build.0 = Debug|Any CPU
		{EBE4D1D1-B6D7-466D-B5BD-057C556CF523}.Release|Any CPU.ActiveCfg = Release|Any CPU
		{EBE4D1D1-B6D7-466D-B5BD-057C556CF523}.Release|Any CPU.Build.0 = Release|Any CPU
	EndGlobalSection
	GlobalSection(SolutionProperties) = preSolution
		HideSolutionNode = FALSE
	EndGlobalSection
	GlobalSection(ExtensibilityGlobals) = postSolution
		SolutionGuid = {38C48585-FC89-4DB1-BF67-58B5E3AC8636}
	EndGlobalSection
EndGlobal
